{
  "name": "node-01",
  "version": "1.0.0",
  "lockfileVersion": 2,
  "requires": true,
  "packages": {
    "": {
      "name": "node-01",
      "version": "1.0.0",
      "license": "ISC",
      "dependencies": {
        "num-is-even-or-odd": "^1.0.6"
      }
    },
    "node_modules/num-is-even-or-odd": {
      "version": "1.0.6",
      "resolved": "https://registry.npmjs.org/num-is-even-or-odd/-/num-is-even-or-odd-1.0.6.tgz",
      "integrity": "sha512-XamUxncr4bJfGcG/UGhyVRkOjAtnPN9QIsEikvJGOQqHKHsIKQGG2MLPDbgI/4UGG9u8x+tOR5NN3ubz4c2enQ=="
    }
  },
  "dependencies": {
    "num-is-even-or-odd": {
      "version": "1.0.6",
      "resolved": "https://registry.npmjs.org/num-is-even-or-odd/-/num-is-even-or-odd-1.0.6.tgz",
      "integrity": "sha512-XamUxncr4bJfGcG/UGhyVRkOjAtnPN9QIsEikvJGOQqHKHsIKQGG2MLPDbgI/4UGG9u8x+tOR5NN3ubz4c2enQ=="
    }
  }
}
